// !$*UTF8*$!
{
	archiveVersion = 1;
	classes = {
	};
	objectVersion = 46;
	objects = {

/* Begin PBXBuildFile section */
		A787D75A1D3F4EB2002475E6 /* CustomTextField.swift in Sources */ = {isa = PBXBuildFile; fileRef = A787D7591D3F4EB2002475E6 /* CustomTextField.swift */; };
		A787D75C1D3F50CF002475E6 /* CustomButton.swift in Sources */ = {isa = PBXBuildFile; fileRef = A787D75B1D3F50CF002475E6 /* CustomButton.swift */; };
		A787D75F1D3F5A84002475E6 /* AnimationEngine.swift in Sources */ = {isa = PBXBuildFile; fileRef = A787D75E1D3F5A84002475E6 /* AnimationEngine.swift */; };
		A787D7611D3F639C002475E6 /* GameVC.swift in Sources */ = {isa = PBXBuildFile; fileRef = A787D7601D3F639C002475E6 /* GameVC.swift */; };
		A787D7631D3F6561002475E6 /* Card.swift in Sources */ = {isa = PBXBuildFile; fileRef = A787D7621D3F6561002475E6 /* Card.swift */; };
		A787D7651D3F656E002475E6 /* Card.xib in Resources */ = {isa = PBXBuildFile; fileRef = A787D7641D3F656E002475E6 /* Card.xib */; };
		A7A363E21D3F48A3006BBE4C /* AppDelegate.swift in Sources */ = {isa = PBXBuildFile; fileRef = A7A363E11D3F48A3006BBE4C /* AppDelegate.swift */; };
		A7A363E41D3F48A3006BBE4C /* LoginVC.swift in Sources */ = {isa = PBXBuildFile; fileRef = A7A363E31D3F48A3006BBE4C /* LoginVC.swift */; };
		A7A363E71D3F48A3006BBE4C /* Main.storyboard in Resources */ = {isa = PBXBuildFile; fileRef = A7A363E51D3F48A3006BBE4C /* Main.storyboard */; };
		A7A363E91D3F48A3006BBE4C /* Assets.xcassets in Resources */ = {isa = PBXBuildFile; fileRef = A7A363E81D3F48A3006BBE4C /* Assets.xcassets */; };
		A7A363EC1D3F48A3006BBE4C /* LaunchScreen.storyboard in Resources */ = {isa = PBXBuildFile; fileRef = A7A363EA1D3F48A3006BBE4C /* LaunchScreen.storyboard */; };
		AF8F097437D08D00497E1D21 /* Pods_BrainTeaser.framework in Frameworks */ = {isa = PBXBuildFile; fileRef = BC9DCA37E2C5AC65C88954F0 /* Pods_BrainTeaser.framework */; };
/* End PBXBuildFile section */

/* Begin PBXFileReference section */
		495B6F70DFE10896F27CBA6A /* Pods-BrainTeaser.debug.xcconfig */ = {isa = PBXFileReference; includeInIndex = 1; lastKnownFileType = text.xcconfig; name = "Pods-BrainTeaser.debug.xcconfig"; path = "Pods/Target Support Files/Pods-BrainTeaser/Pods-BrainTeaser.debug.xcconfig"; sourceTree = "<group>"; };
		A787D7531D3F4B39002475E6 /* BrainTeaser-Bridging-Header.h */ = {isa = PBXFileReference; lastKnownFileType = sourcecode.c.h; path = "BrainTeaser-Bridging-Header.h"; sourceTree = "<group>"; };
		A787D7591D3F4EB2002475E6 /* CustomTextField.swift */ = {isa = PBXFileReference; fileEncoding = 4; lastKnownFileType = sourcecode.swift; path = CustomTextField.swift; sourceTree = "<group>"; };
		A787D75B1D3F50CF002475E6 /* CustomButton.swift */ = {isa = PBXFileReference; fileEncoding = 4; lastKnownFileType = sourcecode.swift; path = CustomButton.swift; sourceTree = "<group>"; };
		A787D75E1D3F5A84002475E6 /* AnimationEngine.swift */ = {isa = PBXFileReference; fileEncoding = 4; lastKnownFileType = sourcecode.swift; path = AnimationEngine.swift; sourceTree = "<group>"; };
		A787D7601D3F639C002475E6 /* GameVC.swift */ = {isa = PBXFileReference; fileEncoding = 4; lastKnownFileType = sourcecode.swift; path = GameVC.swift; sourceTree = "<group>"; };
		A787D7621D3F6561002475E6 /* Card.swift */ = {isa = PBXFileReference; fileEncoding = 4; lastKnownFileType = sourcecode.swift; path = Card.swift; sourceTree = "<group>"; };
		A787D7641D3F656E002475E6 /* Card.xib */ = {isa = PBXFileReference; fileEncoding = 4; lastKnownFileType = file.xib; path = Card.xib; sourceTree = "<group>"; };
		A7A363DE1D3F48A3006BBE4C /* BrainTeaser.app */ = {isa = PBXFileReference; explicitFileType = wrapper.application; includeInIndex = 0; path = BrainTeaser.app; sourceTree = BUILT_PRODUCTS_DIR; };
		A7A363E11D3F48A3006BBE4C /* AppDelegate.swift */ = {isa = PBXFileReference; lastKnownFileType = sourcecode.swift; path = AppDelegate.swift; sourceTree = "<group>"; };
		A7A363E31D3F48A3006BBE4C /* LoginVC.swift */ = {isa = PBXFileReference; lastKnownFileType = sourcecode.swift; path = LoginVC.swift; sourceTree = "<group>"; };
		A7A363E61D3F48A3006BBE4C /* Base */ = {isa = PBXFileReference; lastKnownFileType = file.storyboard; name = Base; path = Base.lproj/Main.storyboard; sourceTree = "<group>"; };
		A7A363E81D3F48A3006BBE4C /* Assets.xcassets */ = {isa = PBXFileReference; lastKnownFileType = folder.assetcatalog; path = Assets.xcassets; sourceTree = "<group>"; };
		A7A363EB1D3F48A3006BBE4C /* Base */ = {isa = PBXFileReference; lastKnownFileType = file.storyboard; name = Base; path = Base.lproj/LaunchScreen.storyboard; sourceTree = "<group>"; };
		A7A363ED1D3F48A3006BBE4C /* Info.plist */ = {isa = PBXFileReference; lastKnownFileType = text.plist.xml; path = Info.plist; sourceTree = "<group>"; };
		BC9DCA37E2C5AC65C88954F0 /* Pods_BrainTeaser.framework */ = {isa = PBXFileReference; explicitFileType = wrapper.framework; includeInIndex = 0; path = Pods_BrainTeaser.framework; sourceTree = BUILT_PRODUCTS_DIR; };
		F129677F52C912BE785CF7CD /* Pods-BrainTeaser.release.xcconfig */ = {isa = PBXFileReference; includeInIndex = 1; lastKnownFileType = text.xcconfig; name = "Pods-BrainTeaser.release.xcconfig"; path = "Pods/Target Support Files/Pods-BrainTeaser/Pods-BrainTeaser.release.xcconfig"; sourceTree = "<group>"; };
/* End PBXFileReference section */

/* Begin PBXFrameworksBuildPhase section */
		A7A363DB1D3F48A3006BBE4C /* Frameworks */ = {
			isa = PBXFrameworksBuildPhase;
			buildActionMask = 2147483647;
			files = (
				AF8F097437D08D00497E1D21 /* Pods_BrainTeaser.framework in Frameworks */,
			);
			runOnlyForDeploymentPostprocessing = 0;
		};
/* End PBXFrameworksBuildPhase section */

/* Begin PBXGroup section */
		4AC571146BB246AF90678BA7 /* Frameworks */ = {
			isa = PBXGroup;
			children = (
				BC9DCA37E2C5AC65C88954F0 /* Pods_BrainTeaser.framework */,
			);
			name = Frameworks;
			sourceTree = "<group>";
		};
		952DE56A459F5D4B9270ED8D /* Pods */ = {
			isa = PBXGroup;
			children = (
				495B6F70DFE10896F27CBA6A /* Pods-BrainTeaser.debug.xcconfig */,
				F129677F52C912BE785CF7CD /* Pods-BrainTeaser.release.xcconfig */,
			);
			name = Pods;
			sourceTree = "<group>";
		};
		A787D7571D3F4E85002475E6 /* View */ = {
			isa = PBXGroup;
			children = (
				A787D7591D3F4EB2002475E6 /* CustomTextField.swift */,
				A787D75B1D3F50CF002475E6 /* CustomButton.swift */,
				A787D7621D3F6561002475E6 /* Card.swift */,
				A787D7641D3F656E002475E6 /* Card.xib */,
			);
			name = View;
			sourceTree = "<group>";
		};
		A787D7581D3F4E8C002475E6 /* Controller */ = {
			isa = PBXGroup;
			children = (
				A7A363E31D3F48A3006BBE4C /* LoginVC.swift */,
				A787D7601D3F639C002475E6 /* GameVC.swift */,
			);
			name = Controller;
			sourceTree = "<group>";
		};
		A787D75D1D3F5A69002475E6 /* Util */ = {
			isa = PBXGroup;
			children = (
				A787D75E1D3F5A84002475E6 /* AnimationEngine.swift */,
			);
			name = Util;
			sourceTree = "<group>";
		};
		A7A363D51D3F48A3006BBE4C = {
			isa = PBXGroup;
			children = (
				A7A363E01D3F48A3006BBE4C /* BrainTeaser */,
				A7A363DF1D3F48A3006BBE4C /* Products */,
				952DE56A459F5D4B9270ED8D /* Pods */,
				4AC571146BB246AF90678BA7 /* Frameworks */,
			);
			sourceTree = "<group>";
		};
		A7A363DF1D3F48A3006BBE4C /* Products */ = {
			isa = PBXGroup;
			children = (
				A7A363DE1D3F48A3006BBE4C /* BrainTeaser.app */,
			);
			name = Products;
			sourceTree = "<group>";
		};
		A7A363E01D3F48A3006BBE4C /* BrainTeaser */ = {
			isa = PBXGroup;
			children = (
				A787D75D1D3F5A69002475E6 /* Util */,
				A787D7581D3F4E8C002475E6 /* Controller */,
				A787D7571D3F4E85002475E6 /* View */,
				A7A363E11D3F48A3006BBE4C /* AppDelegate.swift */,
				A7A363E51D3F48A3006BBE4C /* Main.storyboard */,
				A7A363E81D3F48A3006BBE4C /* Assets.xcassets */,
				A7A363EA1D3F48A3006BBE4C /* LaunchScreen.storyboard */,
				A7A363ED1D3F48A3006BBE4C /* Info.plist */,
				A787D7531D3F4B39002475E6 /* BrainTeaser-Bridging-Header.h */,
			);
			path = BrainTeaser;
			sourceTree = "<group>";
		};
/* End PBXGroup section */

/* Begin PBXNativeTarget section */
		A7A363DD1D3F48A3006BBE4C /* BrainTeaser */ = {
			isa = PBXNativeTarget;
			buildConfigurationList = A7A363F01D3F48A3006BBE4C /* Build configuration list for PBXNativeTarget "BrainTeaser" */;
			buildPhases = (
				830EA9FB23C79AB19F16BFA2 /* [CP] Check Pods Manifest.lock */,
				A7A363DA1D3F48A3006BBE4C /* Sources */,
				A7A363DB1D3F48A3006BBE4C /* Frameworks */,
				A7A363DC1D3F48A3006BBE4C /* Resources */,
				5BB97F3BA7CD91F25A85F95A /* [CP] Embed Pods Frameworks */,
				57446BE32D7196BA9207496E /* [CP] Copy Pods Resources */,
			);
			buildRules = (
			);
			dependencies = (
			);
			name = BrainTeaser;
			productName = BrainTeaser;
			productReference = A7A363DE1D3F48A3006BBE4C /* BrainTeaser.app */;
			productType = "com.apple.product-type.application";
		};
/* End PBXNativeTarget section */

/* Begin PBXProject section */
		A7A363D61D3F48A3006BBE4C /* Project object */ = {
			isa = PBXProject;
			attributes = {
				LastSwiftUpdateCheck = 0730;
				LastUpgradeCheck = 0800;
				ORGANIZATIONNAME = "Ben Makusha";
				TargetAttributes = {
					A7A363DD1D3F48A3006BBE4C = {
						CreatedOnToolsVersion = 7.3.1;
						DevelopmentTeam = X9S97S4N54;
						LastSwiftMigration = 0800;
					};
				};
			};
			buildConfigurationList = A7A363D91D3F48A3006BBE4C /* Build configuration list for PBXProject "BrainTeaser" */;
			compatibilityVersion = "Xcode 3.2";
			developmentRegion = English;
			hasScannedForEncodings = 0;
			knownRegions = (
				en,
				Base,
			);
			mainGroup = A7A363D51D3F48A3006BBE4C;
			productRefGroup = A7A363DF1D3F48A3006BBE4C /* Products */;
			projectDirPath = "";
			projectRoot = "";
			targets = (
				A7A363DD1D3F48A3006BBE4C /* BrainTeaser */,
			);
		};
/* End PBXProject section */

/* Begin PBXResourcesBuildPhase section */
		A7A363DC1D3F48A3006BBE4C /* Resources */ = {
			isa = PBXResourcesBuildPhase;
			buildActionMask = 2147483647;
			files = (
				A7A363EC1D3F48A3006BBE4C /* LaunchScreen.storyboard in Resources */,
				A7A363E91D3F48A3006BBE4C /* Assets.xcassets in Resources */,
				A7A363E71D3F48A3006BBE4C /* Main.storyboard in Resources */,
				A787D7651D3F656E002475E6 /* Card.xib in Resources */,
			);
			runOnlyForDeploymentPostprocessing = 0;
		};
/* End PBXResourcesBuildPhase section */

/* Begin PBXShellScriptBuildPhase section */
		57446BE32D7196BA9207496E /* [CP] Copy Pods Resources */ = {
			isa = PBXShellScriptBuildPhase;
			buildActionMask = 2147483647;
			files = (
			);
			inputPaths = (
			);
			name = "[CP] Copy Pods Resources";
			outputPaths = (
			);
			runOnlyForDeploymentPostprocessing = 0;
			shellPath = /bin/sh;
			shellScript = "\"${SRCROOT}/Pods/Target Support Files/Pods-BrainTeaser/Pods-BrainTeaser-resources.sh\"\n";
			showEnvVarsInLog = 0;
		};
		5BB97F3BA7CD91F25A85F95A /* [CP] Embed Pods Frameworks */ = {
			isa = PBXShellScriptBuildPhase;
			buildActionMask = 2147483647;
			files = (
			);
			inputPaths = (
			);
			name = "[CP] Embed Pods Frameworks";
			outputPaths = (
			);
			runOnlyForDeploymentPostprocessing = 0;
			shellPath = /bin/sh;
			shellScript = "\"${SRCROOT}/Pods/Target Support Files/Pods-BrainTeaser/Pods-BrainTeaser-frameworks.sh\"\n";
			showEnvVarsInLog = 0;
		};
		830EA9FB23C79AB19F16BFA2 /* [CP] Check Pods Manifest.lock */ = {
			isa = PBXShellScriptBuildPhase;
			buildActionMask = 2147483647;
			files = (
			);
			inputPaths = (
			);
			name = "[CP] Check Pods Manifest.lock";
			outputPaths = (
			);
			runOnlyForDeploymentPostprocessing = 0;
			shellPath = /bin/sh;
			shellScript = "diff \"${PODS_ROOT}/../Podfile.lock\" \"${PODS_ROOT}/Manifest.lock\" > /dev/null\nif [ $? != 0 ] ; then\n    # print error to STDERR\n    echo \"error: The sandbox is not in sync with the Podfile.lock. Run 'pod install' or update your CocoaPods installation.\" >&2\n    exit 1\nfi\n";
			showEnvVarsInLog = 0;
		};
/* End PBXShellScriptBuildPhase section */

/* Begin PBXSourcesBuildPhase section */
		A7A363DA1D3F48A3006BBE4C /* Sources */ = {
			isa = PBXSourcesBuildPhase;
			buildActionMask = 2147483647;
			files = (
				A787D75C1D3F50CF002475E6 /* CustomButton.swift in Sources */,
				A7A363E41D3F48A3006BBE4C /* LoginVC.swift in Sources */,
				A787D7631D3F6561002475E6 /* Card.swift in Sources */,
				A7A363E21D3F48A3006BBE4C /* AppDelegate.swift in Sources */,
				A787D75F1D3F5A84002475E6 /* AnimationEngine.swift in Sources */,
				A787D7611D3F639C002475E6 /* GameVC.swift in Sources */,
				A787D75A1D3F4EB2002475E6 /* CustomTextField.swift in Sources */,
			);
			runOnlyForDeploymentPostprocessing = 0;
		};
/* End PBXSourcesBuildPhase section */

/* Begin PBXVariantGroup section */
		A7A363E51D3F48A3006BBE4C /* Main.storyboard */ = {
			isa = PBXVariantGroup;
			children = (
				A7A363E61D3F48A3006BBE4C /* Base */,
			);
			name = Main.storyboard;
			sourceTree = "<group>";
		};
		A7A363EA1D3F48A3006BBE4C /* LaunchScreen.storyboard */ = {
			isa = PBXVariantGroup;
			children = (
				A7A363EB1D3F48A3006BBE4C /* Base */,
			);
			name = LaunchScreen.storyboard;
			sourceTree = "<group>";
		};
/* End PBXVariantGroup section */

/* Begin XCBuildConfiguration section */
		A7A363EE1D3F48A3006BBE4C /* Debug */ = {
			isa = XCBuildConfiguration;
			buildSettings = {
				ALWAYS_SEARCH_USER_PATHS = NO;
				CLANG_ANALYZER_NONNULL = YES;
				CLANG_CXX_LANGUAGE_STANDARD = "gnu++0x";
				CLANG_CXX_LIBRARY = "libc++";
				CLANG_ENABLE_MODULES = YES;
				CLANG_ENABLE_OBJC_ARC = YES;
				CLANG_WARN_BOOL_CONVERSION = YES;
				CLANG_WARN_CONSTANT_CONVERSION = YES;
				CLANG_WARN_DIRECT_OBJC_ISA_USAGE = YES_ERROR;
				CLANG_WARN_EMPTY_BODY = YES;
				CLANG_WARN_ENUM_CONVERSION = YES;
				CLANG_WARN_INFINITE_RECURSION = YES;
				CLANG_WARN_INT_CONVERSION = YES;
				CLANG_WARN_OBJC_ROOT_CLASS = YES_ERROR;
				CLANG_WARN_SUSPICIOUS_MOVE = YES;
				CLANG_WARN_UNREACHABLE_CODE = YES;
				CLANG_WARN__DUPLICATE_METHOD_MATCH = YES;
				"CODE_SIGN_IDENTITY[sdk=iphoneos*]" = "iPhone Developer";
				COPY_PHASE_STRIP = NO;
				DEBUG_INFORMATION_FORMAT = dwarf;
				ENABLE_STRICT_OBJC_MSGSEND = YES;
				ENABLE_TESTABILITY = YES;
				GCC_C_LANGUAGE_STANDARD = gnu99;
				GCC_DYNAMIC_NO_PIC = NO;
				GCC_NO_COMMON_BLOCKS = YES;
				GCC_OPTIMIZATION_LEVEL = 0;
				GCC_PREPROCESSOR_DEFINITIONS = (
					"DEBUG=1",
					"$(inherited)",
				);
				GCC_WARN_64_TO_32_BIT_CONVERSION = YES;
				GCC_WARN_ABOUT_RETURN_TYPE = YES_ERROR;
				GCC_WARN_UNDECLARED_SELECTOR = YES;
				GCC_WARN_UNINITIALIZED_AUTOS = YES_AGGRESSIVE;
				GCC_WARN_UNUSED_FUNCTION = YES;
				GCC_WARN_UNUSED_VARIABLE = YES;
				IPHONEOS_DEPLOYMENT_TARGET = 9.3;
				MTL_ENABLE_DEBUG_INFO = YES;
				ONLY_ACTIVE_ARCH = YES;
				SDKROOT = iphoneos;
				SWIFT_OPTIMIZATION_LEVEL = "-Onone";
				TARGETED_DEVICE_FAMILY = "1,2";
			};
			name = Debug;
		};
		A7A363EF1D3F48A3006BBE4C /* Release */ = {
			isa = XCBuildConfiguration;
			buildSettings = {
				ALWAYS_SEARCH_USER_PATHS = NO;
				CLANG_ANALYZER_NONNULL = YES;
				CLANG_CXX_LANGUAGE_STANDARD = "gnu++0x";
				CLANG_CXX_LIBRARY = "libc++";
				CLANG_ENABLE_MODULES = YES;
				CLANG_ENABLE_OBJC_ARC = YES;
				CLANG_WARN_BOOL_CONVERSION = YES;
				CLANG_WARN_CONSTANT_CONVERSION = YES;
				CLANG_WARN_DIRECT_OBJC_ISA_USAGE = YES_ERROR;
				CLANG_WARN_EMPTY_BODY = YES;
				CLANG_WARN_ENUM_CONVERSION = YES;
				CLANG_WARN_INFINITE_RECURSION = YES;
				CLANG_WARN_INT_CONVERSION = YES;
				CLANG_WARN_OBJC_ROOT_CLASS = YES_ERROR;
				CLANG_WARN_SUSPICIOUS_MOVE = YES;
				CLANG_WARN_UNREACHABLE_CODE = YES;
				CLANG_WARN__DUPLICATE_METHOD_MATCH = YES;
				"CODE_SIGN_IDENTITY[sdk=iphoneos*]" = "iPhone Developer";
				COPY_PHASE_STRIP = NO;
				DEBUG_INFORMATION_FORMAT = "dwarf-with-dsym";
				ENABLE_NS_ASSERTIONS = NO;
				ENABLE_STRICT_OBJC_MSGSEND = YES;
				GCC_C_LANGUAGE_STANDARD = gnu99;
				GCC_NO_COMMON_BLOCKS = YES;
				GCC_WARN_64_TO_32_BIT_CONVERSION = YES;
				GCC_WARN_ABOUT_RETURN_TYPE = YES_ERROR;
				GCC_WARN_UNDECLARED_SELECTOR = YES;
				GCC_WARN_UNINITIALIZED_AUTOS = YES_AGGRESSIVE;
				GCC_WARN_UNUSED_FUNCTION = YES;
				GCC_WARN_UNUSED_VARIABLE = YES;
				IPHONEOS_DEPLOYMENT_TARGET = 9.3;
				MTL_ENABLE_DEBUG_INFO = NO;
				SDKROOT = iphoneos;
				SWIFT_OPTIMIZATION_LEVEL = "-Owholemodule";
				TARGETED_DEVICE_FAMILY = "1,2";
				VALIDATE_PRODUCT = YES;
			};
			name = Release;
		};
		A7A363F11D3F48A3006BBE4C /* Debug */ = {
			isa = XCBuildConfiguration;
			baseConfigurationReference = 495B6F70DFE10896F27CBA6A /* Pods-BrainTeaser.debug.xcconfig */;
			buildSettings = {
				ASSETCATALOG_COMPILER_APPICON_NAME = AppIcon;
				CLANG_ENABLE_MODULES = YES;
				INFOPLIST_FILE = BrainTeaser/Info.plist;
				LD_RUNPATH_SEARCH_PATHS = "$(inherited) @executable_path/Frameworks";
				PRODUCT_BUNDLE_IDENTIFIER = com.benmakusha.BrainTeaser;
				PRODUCT_NAME = "$(TARGET_NAME)";
				SWIFT_OBJC_BRIDGING_HEADER = "BrainTeaser/BrainTeaser-Bridging-Header.h";
				SWIFT_OPTIMIZATION_LEVEL = "-Onone";
				SWIFT_VERSION = 3.0;
			};
			name = Debug;
		};
		A7A363F21D3F48A3006BBE4C /* Release */ = {
			isa = XCBuildConfiguration;
			baseConfigurationReference = F129677F52C912BE785CF7CD /* Pods-BrainTeaser.release.xcconfig */;
			buildSettings = {
				ASSETCATALOG_COMPILER_APPICON_NAME = AppIcon;
				CLANG_ENABLE_MODULES = YES;
				INFOPLIST_FILE = BrainTeaser/Info.plist;
				LD_RUNPATH_SEARCH_PATHS = "$(inherited) @executable_path/Frameworks";
				PRODUCT_BUNDLE_IDENTIFIER = com.benmakusha.BrainTeaser;
				PRODUCT_NAME = "$(TARGET_NAME)";
				SWIFT_OBJC_BRIDGING_HEADER = "BrainTeaser/BrainTeaser-Bridging-Header.h";
				SWIFT_VERSION = 3.0;
			};
			name = Release;
		};
/* End XCBuildConfiguration section */

/* Begin XCConfigurationList section */
		A7A363D91D3F48A3006BBE4C /* Build configuration list for PBXProject "BrainTeaser" */ = {
			isa = XCConfigurationList;
			buildConfigurations = (
				A7A363EE1D3F48A3006BBE4C /* Debug */,
				A7A363EF1D3F48A3006BBE4C /* Release */,
			);
			defaultConfigurationIsVisible = 0;
			defaultConfigurationName = Release;
		};
		A7A363F01D3F48A3006BBE4C /* Build configuration list for PBXNativeTarget "BrainTeaser" */ = {
			isa = XCConfigurationList;
			buildConfigurations = (
				A7A363F11D3F48A3006BBE4C /* Debug */,
				A7A363F21D3F48A3006BBE4C /* Release */,
			);
			defaultConfigurationIsVisible = 0;
			defaultConfigurationName = Release;
		};
/* End XCConfigurationList section */
	};
	rootObject = A7A363D61D3F48A3006BBE4C /* Project object */;
}
